
Microsoft Visual Studio Solution File, Format Version 12.00
# Visual Studio Version 17
VisualStudioVersion = 17.0.32014.148
MinimumVisualStudioVersion = 10.0.40219.1
Project("{FAE04EC0-301F-11D3-BF4B-00C04F79EFBC}") = "Moatcs", "Moatcs\Moatcs.csproj", "{52281C1A-30F0-4215-9C0C-2E75227C4C70}"
EndProject
Global
	GlobalSection(SolutionConfigurationPlatforms) = preSolution
		Debug|Any CPU = Debug|Any CPU
		Release|Any CPU = Release|Any CPU
	EndGlobalSection
	GlobalSection(ProjectConfigurationPlatforms) = postSolution
		{52281C1A-30F0-4215-9C0C-2E75227C4C70}.Debug|Any CPU.ActiveCfg = Debug|Any CPU
		{52281C1A-30F0-4215-9C0C-2E75227C4C70}.Debug|Any CPU.Build.0 = Debug|Any CPU
		{52281C1A-30F0-4215-9C0C-2E75227C4C70}.Release|Any CPU.ActiveCfg = Release|Any CPU
		{52281C1A-30F0-4215-9C0C-2E75227C4C70}.Release|Any CPU.Build.0 = Release|Any CPU
	EndGlobalSection
	GlobalSection(SolutionProperties) = preSolution
		HideSolutionNode = FALSE
	EndGlobalSection
	GlobalSection(ExtensibilityGlobals) = postSolution
		SolutionGuid = {41425BAF-5A71-46DB-8D06-B1BE68717B31}
	EndGlobalSection
EndGlobal
